{
  "name": "gfdb",
  "version": "1.0.0",
  "lockfileVersion": 1,
  "requires": true,
  "dependencies": {
    "bootstrap": {
      "version": "4.1.0",
      "resolved": "https://registry.npmjs.org/bootstrap/-/bootstrap-4.1.0.tgz",
      "integrity": "sha512-kCo82nE8qYVfOa/Z3hL98CPgPIEkh6iPdiJrUJMQ9n9r0+6PEET7cmhLlV0XVYmEj5QtKIOaSGMLxy5jSFhKog=="
    },
    "i18next": {
      "version": "11.2.2",
      "resolved": "https://registry.npmjs.org/i18next/-/i18next-11.2.2.tgz",
      "integrity": "sha512-Rld/aWCZUut44b1VdfUCp1n5fDWf9/7hseF7hCl/W3s6zQeWuTT7354JnosYyMbFNbbduv32fte0JBeyMIoM1Q=="
    },
    "i18next-browser-languagedetector": {
      "version": "2.2.0",
      "resolved": "https://registry.npmjs.org/i18next-browser-languagedetector/-/i18next-browser-languagedetector-2.2.0.tgz",
      "integrity": "sha512-fKhsaJzXY2anqAPxn9bgxc5NrTcu1GnYiIwGfNFPkpfFneutHnuReb4x4suOVNMf9RTuiCxfR+UAF8aHhv89SQ=="
    },
    "jquery": {
      "version": "3.3.1",
      "resolved": "https://registry.npmjs.org/jquery/-/jquery-3.3.1.tgz",
      "integrity": "sha512-Ubldcmxp5np52/ENotGxlLe6aGMvmF4R8S6tZjsP6Knsaxd/xp3Zrh50cG93lR6nPXyUFwzN3ZSOQI0wRJNdGg=="
    },
    "jquery-i18next": {
      "version": "1.2.1",
      "resolved": "https://registry.npmjs.org/jquery-i18next/-/jquery-i18next-1.2.1.tgz",
      "integrity": "sha512-UNcw3rgxoKjGEg4w23FEn2h3OlPJU7rPzsgDuXDBZktIzeiVbJohs9Cv9hj8oP8KNfBRKOoErL/OVxg2FaAR4g=="
    },
    "tablesort": {
      "version": "5.0.2",
      "resolved": "https://registry.npmjs.org/tablesort/-/tablesort-5.0.2.tgz",
      "integrity": "sha512-l0mDC2pDQJfXZbUogT+IYDHeYoqsW/Whqd2xMLAPltNrN0A8bVHtQXoU1sIc7/DofkgYnnINF5k7tlaG+QJJtw=="
    }
  }
}
